// !$*UTF8*$!
{
	archiveVersion = 1;
	classes = {
	};
	objectVersion = 56;
	objects = {

/* Begin PBXBuildFile section */
		6966E1892F179F3100715B0A /* MedibankNewsApp.swift in Sources */ = {isa = PBXBuildFile; fileRef = 6966E1882F179F3100715B0A /* MedibankNewsApp.swift */; };
		6966E1A42F179F3800715B0A /* MedibankNewsUITests.swift in Sources */ = {isa = PBXBuildFile; fileRef = 6966E1A32F179F3800715B0A /* MedibankNewsUITests.swift */; };
		6966E1A62F179F3800715B0A /* MedibankNewsUITestsLaunchTests.swift in Sources */ = {isa = PBXBuildFile; fileRef = 6966E1A52F179F3800715B0A /* MedibankNewsUITestsLaunchTests.swift */; };
		6966E1B32F179F9500715B0A /* README.md in Resources */ = {isa = PBXBuildFile; fileRef = 6966E1B22F179F9500715B0A /* README.md */; };
		6966E1B52F17A37800715B0A /* AppContainer.swift in Sources */ = {isa = PBXBuildFile; fileRef = 6966E1B42F17A37800715B0A /* AppContainer.swift */; };
		6966E1B72F17A3A200715B0A /* RootTabView.swift in Sources */ = {isa = PBXBuildFile; fileRef = 6966E1B62F17A3A200715B0A /* RootTabView.swift */; };
		6966E1B92F17A3EC00715B0A /* HeadlinesView.swift in Sources */ = {isa = PBXBuildFile; fileRef = 6966E1B82F17A3EC00715B0A /* HeadlinesView.swift */; };
		6966E1BB2F17A41400715B0A /* SourcesView.swift in Sources */ = {isa = PBXBuildFile; fileRef = 6966E1BA2F17A41400715B0A /* SourcesView.swift */; };
		6966E1BD2F17A43400715B0A /* SavedView.swift in Sources */ = {isa = PBXBuildFile; fileRef = 6966E1BC2F17A43400715B0A /* SavedView.swift */; };
		6966E1BF2F17A45700715B0A /* HeadlinesViewModel.swift in Sources */ = {isa = PBXBuildFile; fileRef = 6966E1BE2F17A45700715B0A /* HeadlinesViewModel.swift */; };
		6966E1C12F17A47E00715B0A /* SourcesViewModel.swift in Sources */ = {isa = PBXBuildFile; fileRef = 6966E1C02F17A47E00715B0A /* SourcesViewModel.swift */; };
		6966E1C32F17A4A800715B0A /* SavedViewModel.swift in Sources */ = {isa = PBXBuildFile; fileRef = 6966E1C22F17A4A800715B0A /* SavedViewModel.swift */; };
		6966E1C52F17A51900715B0A /* EmptyStateView.swift in Sources */ = {isa = PBXBuildFile; fileRef = 6966E1C42F17A51900715B0A /* EmptyStateView.swift */; };
		6966E1C82F17A69D00715B0A /* APIKeyProvider.swift in Sources */ = {isa = PBXBuildFile; fileRef = 6966E1C72F17A69D00715B0A /* APIKeyProvider.swift */; };
		6966E1CA2F17A6D900715B0A /* InfoPlistAPIKeyProvider.swift in Sources */ = {isa = PBXBuildFile; fileRef = 6966E1C92F17A6D900715B0A /* InfoPlistAPIKeyProvider.swift */; };
		6966E1CD2F17A72E00715B0A /* NewsAPIClientProtocol.swift in Sources */ = {isa = PBXBuildFile; fileRef = 6966E1CC2F17A72E00715B0A /* NewsAPIClientProtocol.swift */; };
		6966E1CF2F17A75B00715B0A /* NewsAPIClient.swift in Sources */ = {isa = PBXBuildFile; fileRef = 6966E1CE2F17A75B00715B0A /* NewsAPIClient.swift */; };
		6966E1D22F17A79400715B0A /* SourceSelectionStore.swift in Sources */ = {isa = PBXBuildFile; fileRef = 6966E1D12F17A79400715B0A /* SourceSelectionStore.swift */; };
		6966E1D42F17A7B400715B0A /* UserDefaultsSourceSelectionStore.swift in Sources */ = {isa = PBXBuildFile; fileRef = 6966E1D32F17A7B400715B0A /* UserDefaultsSourceSelectionStore.swift */; };
		6966E1D62F17A7D800715B0A /* SavedArticlesStore.swift in Sources */ = {isa = PBXBuildFile; fileRef = 6966E1D52F17A7D800715B0A /* SavedArticlesStore.swift */; };
		6966E1DB2F17A98700715B0A /* Article.swift in Sources */ = {isa = PBXBuildFile; fileRef = 6966E1DA2F17A98700715B0A /* Article.swift */; };
		6966E1DD2F17A9FB00715B0A /* Source.swift in Sources */ = {isa = PBXBuildFile; fileRef = 6966E1DC2F17A9FB00715B0A /* Source.swift */; };
		6966E1DF2F17AC3500715B0A /* LoadState.swift in Sources */ = {isa = PBXBuildFile; fileRef = 6966E1DE2F17AC3500715B0A /* LoadState.swift */; };
		696EF3452F184CA8007F5872 /* SourcesResponse.swift in Sources */ = {isa = PBXBuildFile; fileRef = 696EF3442F184CA8007F5872 /* SourcesResponse.swift */; };
		696EF3482F1852C3007F5872 /* HeadlinesResponse.swift in Sources */ = {isa = PBXBuildFile; fileRef = 696EF3472F1852C3007F5872 /* HeadlinesResponse.swift */; };
		696EF34A2F18539A007F5872 /* SafariView.swift in Sources */ = {isa = PBXBuildFile; fileRef = 696EF3492F18539A007F5872 /* SafariView.swift */; };
		696EF34C2F185414007F5872 /* ArticleRowView.swift in Sources */ = {isa = PBXBuildFile; fileRef = 696EF34B2F185414007F5872 /* ArticleRowView.swift */; };
		696EF34E2F1855A8007F5872 /* FileSavedArticlesStore.swift in Sources */ = {isa = PBXBuildFile; fileRef = 696EF34D2F1855A8007F5872 /* FileSavedArticlesStore.swift */; };
		696EF3502F186195007F5872 /* ArticlesResponse.swift in Sources */ = {isa = PBXBuildFile; fileRef = 696EF34F2F186195007F5872 /* ArticlesResponse.swift */; };
		696EF3532F1864B7007F5872 /* APIResponseHelper.swift in Sources */ = {isa = PBXBuildFile; fileRef = 696EF3522F1864B7007F5872 /* APIResponseHelper.swift */; };
		696EF3552F186671007F5872 /* APINewsCoding.swift in Sources */ = {isa = PBXBuildFile; fileRef = 696EF3542F186671007F5872 /* APINewsCoding.swift */; };
		696EF3592F186F0B007F5872 /* SourcesRowView.swift in Sources */ = {isa = PBXBuildFile; fileRef = 696EF3582F186F0B007F5872 /* SourcesRowView.swift */; };
		696EF35B2F18725D007F5872 /* APINewsEndpoint.swift in Sources */ = {isa = PBXBuildFile; fileRef = 696EF35A2F18725D007F5872 /* APINewsEndpoint.swift */; };
		696EF35E2F1887BA007F5872 /* HeadlinesViewModelTests.swift in Sources */ = {isa = PBXBuildFile; fileRef = 696EF35D2F1887BA007F5872 /* HeadlinesViewModelTests.swift */; };
		696EF3602F188A68007F5872 /* TestFactory.swift in Sources */ = {isa = PBXBuildFile; fileRef = 696EF35F2F188A68007F5872 /* TestFactory.swift */; };
		696EF3622F188BD1007F5872 /* Constants.swift in Sources */ = {isa = PBXBuildFile; fileRef = 696EF3612F188BD1007F5872 /* Constants.swift */; };
		696EF3642F1891E4007F5872 /* SavedViewModelTests.swift in Sources */ = {isa = PBXBuildFile; fileRef = 696EF3632F1891E4007F5872 /* SavedViewModelTests.swift */; };
		696EF3662F189474007F5872 /* SourcesViewModelTests.swift in Sources */ = {isa = PBXBuildFile; fileRef = 696EF3652F189474007F5872 /* SourcesViewModelTests.swift */; };
		696EF3682F189876007F5872 /* MockURLProtocol.swift in Sources */ = {isa = PBXBuildFile; fileRef = 696EF3672F189876007F5872 /* MockURLProtocol.swift */; };
		696EF36A2F1898BC007F5872 /* NewsAPIClientTests.swift in Sources */ = {isa = PBXBuildFile; fileRef = 696EF3692F1898BC007F5872 /* NewsAPIClientTests.swift */; };
/* End PBXBuildFile section */

/* Begin PBXContainerItemProxy section */
		6966E1962F179F3800715B0A /* PBXContainerItemProxy */ = {
			isa = PBXContainerItemProxy;
			containerPortal = 6966E17D2F179F3100715B0A /* Project object */;
			proxyType = 1;
			remoteGlobalIDString = 6966E1842F179F3100715B0A;
			remoteInfo = MedibankNews;
		};
		6966E1A02F179F3800715B0A /* PBXContainerItemProxy */ = {
			isa = PBXContainerItemProxy;
			containerPortal = 6966E17D2F179F3100715B0A /* Project object */;
			proxyType = 1;
			remoteGlobalIDString = 6966E1842F179F3100715B0A;
			remoteInfo = MedibankNews;
		};
/* End PBXContainerItemProxy section */

/* Begin PBXFileReference section */
		6966E1852F179F3100715B0A /* MedibankNews.app */ = {isa = PBXFileReference; explicitFileType = wrapper.application; includeInIndex = 0; path = MedibankNews.app; sourceTree = BUILT_PRODUCTS_DIR; };
		6966E1882F179F3100715B0A /* MedibankNewsApp.swift */ = {isa = PBXFileReference; lastKnownFileType = sourcecode.swift; path = MedibankNewsApp.swift; sourceTree = "<group>"; };
		6966E1952F179F3800715B0A /* MedibankNewsTests.xctest */ = {isa = PBXFileReference; explicitFileType = wrapper.cfbundle; includeInIndex = 0; path = MedibankNewsTests.xctest; sourceTree = BUILT_PRODUCTS_DIR; };
		6966E19F2F179F3800715B0A /* MedibankNewsUITests.xctest */ = {isa = PBXFileReference; explicitFileType = wrapper.cfbundle; includeInIndex = 0; path = MedibankNewsUITests.xctest; sourceTree = BUILT_PRODUCTS_DIR; };
		6966E1A32F179F3800715B0A /* MedibankNewsUITests.swift */ = {isa = PBXFileReference; lastKnownFileType = sourcecode.swift; path = MedibankNewsUITests.swift; sourceTree = "<group>"; };
		6966E1A52F179F3800715B0A /* MedibankNewsUITestsLaunchTests.swift */ = {isa = PBXFileReference; lastKnownFileType = sourcecode.swift; path = MedibankNewsUITestsLaunchTests.swift; sourceTree = "<group>"; };
		6966E1B22F179F9500715B0A /* README.md */ = {isa = PBXFileReference; fileEncoding = 4; lastKnownFileType = net.daringfireball.markdown; path = README.md; sourceTree = "<group>"; };
		6966E1B42F17A37800715B0A /* AppContainer.swift */ = {isa = PBXFileReference; lastKnownFileType = sourcecode.swift; path = AppContainer.swift; sourceTree = "<group>"; };
		6966E1B62F17A3A200715B0A /* RootTabView.swift */ = {isa = PBXFileReference; lastKnownFileType = sourcecode.swift; path = RootTabView.swift; sourceTree = "<group>"; };
		6966E1B82F17A3EC00715B0A /* HeadlinesView.swift */ = {isa = PBXFileReference; lastKnownFileType = sourcecode.swift; path = HeadlinesView.swift; sourceTree = "<group>"; };
		6966E1BA2F17A41400715B0A /* SourcesView.swift */ = {isa = PBXFileReference; lastKnownFileType = sourcecode.swift; path = SourcesView.swift; sourceTree = "<group>"; };
		6966E1BC2F17A43400715B0A /* SavedView.swift */ = {isa = PBXFileReference; lastKnownFileType = sourcecode.swift; path = SavedView.swift; sourceTree = "<group>"; };
		6966E1BE2F17A45700715B0A /* HeadlinesViewModel.swift */ = {isa = PBXFileReference; lastKnownFileType = sourcecode.swift; path = HeadlinesViewModel.swift; sourceTree = "<group>"; };
		6966E1C02F17A47E00715B0A /* SourcesViewModel.swift */ = {isa = PBXFileReference; lastKnownFileType = sourcecode.swift; path = SourcesViewModel.swift; sourceTree = "<group>"; };
		6966E1C22F17A4A800715B0A /* SavedViewModel.swift */ = {isa = PBXFileReference; lastKnownFileType = sourcecode.swift; path = SavedViewModel.swift; sourceTree = "<group>"; };
		6966E1C42F17A51900715B0A /* EmptyStateView.swift */ = {isa = PBXFileReference; lastKnownFileType = sourcecode.swift; path = EmptyStateView.swift; sourceTree = "<group>"; };
		6966E1C72F17A69D00715B0A /* APIKeyProvider.swift */ = {isa = PBXFileReference; lastKnownFileType = sourcecode.swift; path = APIKeyProvider.swift; sourceTree = "<group>"; };
		6966E1C92F17A6D900715B0A /* InfoPlistAPIKeyProvider.swift */ = {isa = PBXFileReference; lastKnownFileType = sourcecode.swift; path = InfoPlistAPIKeyProvider.swift; sourceTree = "<group>"; };
		6966E1CC2F17A72E00715B0A /* NewsAPIClientProtocol.swift */ = {isa = PBXFileReference; lastKnownFileType = sourcecode.swift; path = NewsAPIClientProtocol.swift; sourceTree = "<group>"; };
		6966E1CE2F17A75B00715B0A /* NewsAPIClient.swift */ = {isa = PBXFileReference; lastKnownFileType = sourcecode.swift; path = NewsAPIClient.swift; sourceTree = "<group>"; };
		6966E1D12F17A79400715B0A /* SourceSelectionStore.swift */ = {isa = PBXFileReference; lastKnownFileType = sourcecode.swift; path = SourceSelectionStore.swift; sourceTree = "<group>"; };
		6966E1D32F17A7B400715B0A /* UserDefaultsSourceSelectionStore.swift */ = {isa = PBXFileReference; lastKnownFileType = sourcecode.swift; path = UserDefaultsSourceSelectionStore.swift; sourceTree = "<group>"; };
		6966E1D52F17A7D800715B0A /* SavedArticlesStore.swift */ = {isa = PBXFileReference; lastKnownFileType = sourcecode.swift; path = SavedArticlesStore.swift; sourceTree = "<group>"; };
		6966E1DA2F17A98700715B0A /* Article.swift */ = {isa = PBXFileReference; lastKnownFileType = sourcecode.swift; path = Article.swift; sourceTree = "<group>"; };
		6966E1DC2F17A9FB00715B0A /* Source.swift */ = {isa = PBXFileReference; lastKnownFileType = sourcecode.swift; path = Source.swift; sourceTree = "<group>"; };
		6966E1DE2F17AC3500715B0A /* LoadState.swift */ = {isa = PBXFileReference; lastKnownFileType = sourcecode.swift; path = LoadState.swift; sourceTree = "<group>"; };
		696EF3442F184CA8007F5872 /* SourcesResponse.swift */ = {isa = PBXFileReference; lastKnownFileType = sourcecode.swift; path = SourcesResponse.swift; sourceTree = "<group>"; };
		696EF3462F184F1A007F5872 /* Info.plist */ = {isa = PBXFileReference; lastKnownFileType = text.plist; path = Info.plist; sourceTree = "<group>"; };
		696EF3472F1852C3007F5872 /* HeadlinesResponse.swift */ = {isa = PBXFileReference; lastKnownFileType = sourcecode.swift; path = HeadlinesResponse.swift; sourceTree = "<group>"; };
		696EF3492F18539A007F5872 /* SafariView.swift */ = {isa = PBXFileReference; lastKnownFileType = sourcecode.swift; path = SafariView.swift; sourceTree = "<group>"; };
		696EF34B2F185414007F5872 /* ArticleRowView.swift */ = {isa = PBXFileReference; lastKnownFileType = sourcecode.swift; path = ArticleRowView.swift; sourceTree = "<group>"; };
		696EF34D2F1855A8007F5872 /* FileSavedArticlesStore.swift */ = {isa = PBXFileReference; lastKnownFileType = sourcecode.swift; path = FileSavedArticlesStore.swift; sourceTree = "<group>"; };
		696EF34F2F186195007F5872 /* ArticlesResponse.swift */ = {isa = PBXFileReference; lastKnownFileType = sourcecode.swift; path = ArticlesResponse.swift; sourceTree = "<group>"; };
		696EF3522F1864B7007F5872 /* APIResponseHelper.swift */ = {isa = PBXFileReference; lastKnownFileType = sourcecode.swift; path = APIResponseHelper.swift; sourceTree = "<group>"; };
		696EF3542F186671007F5872 /* APINewsCoding.swift */ = {isa = PBXFileReference; lastKnownFileType = sourcecode.swift; path = APINewsCoding.swift; sourceTree = "<group>"; };
		696EF3582F186F0B007F5872 /* SourcesRowView.swift */ = {isa = PBXFileReference; lastKnownFileType = sourcecode.swift; path = SourcesRowView.swift; sourceTree = "<group>"; };
		696EF35A2F18725D007F5872 /* APINewsEndpoint.swift */ = {isa = PBXFileReference; lastKnownFileType = sourcecode.swift; path = APINewsEndpoint.swift; sourceTree = "<group>"; };
		696EF35D2F1887BA007F5872 /* HeadlinesViewModelTests.swift */ = {isa = PBXFileReference; lastKnownFileType = sourcecode.swift; path = HeadlinesViewModelTests.swift; sourceTree = "<group>"; };
		696EF35F2F188A68007F5872 /* TestFactory.swift */ = {isa = PBXFileReference; lastKnownFileType = sourcecode.swift; path = TestFactory.swift; sourceTree = "<group>"; };
		696EF3612F188BD1007F5872 /* Constants.swift */ = {isa = PBXFileReference; lastKnownFileType = sourcecode.swift; path = Constants.swift; sourceTree = "<group>"; };
		696EF3632F1891E4007F5872 /* SavedViewModelTests.swift */ = {isa = PBXFileReference; lastKnownFileType = sourcecode.swift; path = SavedViewModelTests.swift; sourceTree = "<group>"; };
		696EF3652F189474007F5872 /* SourcesViewModelTests.swift */ = {isa = PBXFileReference; lastKnownFileType = sourcecode.swift; path = SourcesViewModelTests.swift; sourceTree = "<group>"; };
		696EF3672F189876007F5872 /* MockURLProtocol.swift */ = {isa = PBXFileReference; lastKnownFileType = sourcecode.swift; path = MockURLProtocol.swift; sourceTree = "<group>"; };
		696EF3692F1898BC007F5872 /* NewsAPIClientTests.swift */ = {isa = PBXFileReference; lastKnownFileType = sourcecode.swift; path = NewsAPIClientTests.swift; sourceTree = "<group>"; };
/* End PBXFileReference section */

/* Begin PBXFrameworksBuildPhase section */
		6966E1822F179F3100715B0A /* Frameworks */ = {
			isa = PBXFrameworksBuildPhase;
			buildActionMask = 2147483647;
			files = (
			);
			runOnlyForDeploymentPostprocessing = 0;
		};
		6966E1922F179F3800715B0A /* Frameworks */ = {
			isa = PBXFrameworksBuildPhase;
			buildActionMask = 2147483647;
			files = (
			);
			runOnlyForDeploymentPostprocessing = 0;
		};
		6966E19C2F179F3800715B0A /* Frameworks */ = {
			isa = PBXFrameworksBuildPhase;
			buildActionMask = 2147483647;
			files = (
			);
			runOnlyForDeploymentPostprocessing = 0;
		};
/* End PBXFrameworksBuildPhase section */

/* Begin PBXGroup section */
		6966E17C2F179F3100715B0A = {
			isa = PBXGroup;
			children = (
				6966E1872F179F3100715B0A /* MedibankNews */,
				6966E1982F179F3800715B0A /* MedibankNewsTests */,
				6966E1A22F179F3800715B0A /* MedibankNewsUITests */,
				6966E1862F179F3100715B0A /* Products */,
			);
			sourceTree = "<group>";
		};
		6966E1862F179F3100715B0A /* Products */ = {
			isa = PBXGroup;
			children = (
				6966E1852F179F3100715B0A /* MedibankNews.app */,
				6966E1952F179F3800715B0A /* MedibankNewsTests.xctest */,
				6966E19F2F179F3800715B0A /* MedibankNewsUITests.xctest */,
			);
			name = Products;
			sourceTree = "<group>";
		};
		6966E1872F179F3100715B0A /* MedibankNews */ = {
			isa = PBXGroup;
			children = (
				6966E1C62F17A68100715B0A /* APIKey */,
				696EF3512F186490007F5872 /* Helpers */,
				6966E1D92F17A97700715B0A /* Model */,
				6966E1CB2F17A71500715B0A /* Service */,
				6966E1D02F17A78600715B0A /* Store */,
				696EF3562F186B06007F5872 /* View */,
				6966E1B42F17A37800715B0A /* AppContainer.swift */,
				696EF3462F184F1A007F5872 /* Info.plist */,
				6966E1882F179F3100715B0A /* MedibankNewsApp.swift */,
				6966E1B22F179F9500715B0A /* README.md */,
			);
			path = MedibankNews;
			sourceTree = "<group>";
		};
		6966E1982F179F3800715B0A /* MedibankNewsTests */ = {
			isa = PBXGroup;
			children = (
				696EF35D2F1887BA007F5872 /* HeadlinesViewModelTests.swift */,
				696EF3632F1891E4007F5872 /* SavedViewModelTests.swift */,
				696EF3652F189474007F5872 /* SourcesViewModelTests.swift */,
				696EF3692F1898BC007F5872 /* NewsAPIClientTests.swift */,
				696EF3672F189876007F5872 /* MockURLProtocol.swift */,
				696EF35F2F188A68007F5872 /* TestFactory.swift */,
			);
			path = MedibankNewsTests;
			sourceTree = "<group>";
		};
		6966E1A22F179F3800715B0A /* MedibankNewsUITests */ = {
			isa = PBXGroup;
			children = (
				6966E1A32F179F3800715B0A /* MedibankNewsUITests.swift */,
				6966E1A52F179F3800715B0A /* MedibankNewsUITestsLaunchTests.swift */,
			);
			path = MedibankNewsUITests;
			sourceTree = "<group>";
		};
		6966E1C62F17A68100715B0A /* APIKey */ = {
			isa = PBXGroup;
			children = (
				6966E1C72F17A69D00715B0A /* APIKeyProvider.swift */,
				6966E1C92F17A6D900715B0A /* InfoPlistAPIKeyProvider.swift */,
			);
			path = APIKey;
			sourceTree = "<group>";
		};
		6966E1CB2F17A71500715B0A /* Service */ = {
			isa = PBXGroup;
			children = (
				6966E1CC2F17A72E00715B0A /* NewsAPIClientProtocol.swift */,
				6966E1CE2F17A75B00715B0A /* NewsAPIClient.swift */,
				696EF34F2F186195007F5872 /* ArticlesResponse.swift */,
				696EF3472F1852C3007F5872 /* HeadlinesResponse.swift */,
				696EF3442F184CA8007F5872 /* SourcesResponse.swift */,
			);
			path = Service;
			sourceTree = "<group>";
		};
		6966E1D02F17A78600715B0A /* Store */ = {
			isa = PBXGroup;
			children = (
				696EF34D2F1855A8007F5872 /* FileSavedArticlesStore.swift */,
				6966E1D52F17A7D800715B0A /* SavedArticlesStore.swift */,
				6966E1D12F17A79400715B0A /* SourceSelectionStore.swift */,
				6966E1D32F17A7B400715B0A /* UserDefaultsSourceSelectionStore.swift */,
			);
			path = Store;
			sourceTree = "<group>";
		};
		6966E1D92F17A97700715B0A /* Model */ = {
			isa = PBXGroup;
			children = (
				6966E1DA2F17A98700715B0A /* Article.swift */,
				6966E1DC2F17A9FB00715B0A /* Source.swift */,
			);
			path = Model;
			sourceTree = "<group>";
		};
		696EF3512F186490007F5872 /* Helpers */ = {
			isa = PBXGroup;
			children = (
				696EF3522F1864B7007F5872 /* APIResponseHelper.swift */,
				696EF3542F186671007F5872 /* APINewsCoding.swift */,
				696EF35A2F18725D007F5872 /* APINewsEndpoint.swift */,
				696EF3612F188BD1007F5872 /* Constants.swift */,
			);
			path = Helpers;
			sourceTree = "<group>";
		};
		696EF3562F186B06007F5872 /* View */ = {
			isa = PBXGroup;
			children = (
				696EF35C2F1880BD007F5872 /* Tabs */,
				696EF34B2F185414007F5872 /* ArticleRowView.swift */,
				6966E1C42F17A51900715B0A /* EmptyStateView.swift */,
				6966E1DE2F17AC3500715B0A /* LoadState.swift */,
				6966E1B62F17A3A200715B0A /* RootTabView.swift */,
				696EF3492F18539A007F5872 /* SafariView.swift */,
			);
			path = View;
			sourceTree = "<group>";
		};
		696EF35C2F1880BD007F5872 /* Tabs */ = {
			isa = PBXGroup;
			children = (
				6966E1B82F17A3EC00715B0A /* HeadlinesView.swift */,
				6966E1BE2F17A45700715B0A /* HeadlinesViewModel.swift */,
				6966E1BC2F17A43400715B0A /* SavedView.swift */,
				6966E1C22F17A4A800715B0A /* SavedViewModel.swift */,
				6966E1BA2F17A41400715B0A /* SourcesView.swift */,
				696EF3582F186F0B007F5872 /* SourcesRowView.swift */,
				6966E1C02F17A47E00715B0A /* SourcesViewModel.swift */,
			);
			path = Tabs;
			sourceTree = "<group>";
		};
/* End PBXGroup section */

/* Begin PBXNativeTarget section */
		6966E1842F179F3100715B0A /* MedibankNews */ = {
			isa = PBXNativeTarget;
			buildConfigurationList = 6966E1A92F179F3800715B0A /* Build configuration list for PBXNativeTarget "MedibankNews" */;
			buildPhases = (
				6966E1812F179F3100715B0A /* Sources */,
				6966E1822F179F3100715B0A /* Frameworks */,
				6966E1832F179F3100715B0A /* Resources */,
			);
			buildRules = (
			);
			dependencies = (
			);
			name = MedibankNews;
			productName = MedibankNews;
			productReference = 6966E1852F179F3100715B0A /* MedibankNews.app */;
			productType = "com.apple.product-type.application";
		};
		6966E1942F179F3800715B0A /* MedibankNewsTests */ = {
			isa = PBXNativeTarget;
			buildConfigurationList = 6966E1AC2F179F3800715B0A /* Build configuration list for PBXNativeTarget "MedibankNewsTests" */;
			buildPhases = (
				6966E1912F179F3800715B0A /* Sources */,
				6966E1922F179F3800715B0A /* Frameworks */,
				6966E1932F179F3800715B0A /* Resources */,
			);
			buildRules = (
			);
			dependencies = (
				6966E1972F179F3800715B0A /* PBXTargetDependency */,
			);
			name = MedibankNewsTests;
			productName = MedibankNewsTests;
			productReference = 6966E1952F179F3800715B0A /* MedibankNewsTests.xctest */;
			productType = "com.apple.product-type.bundle.unit-test";
		};
		6966E19E2F179F3800715B0A /* MedibankNewsUITests */ = {
			isa = PBXNativeTarget;
			buildConfigurationList = 6966E1AF2F179F3800715B0A /* Build configuration list for PBXNativeTarget "MedibankNewsUITests" */;
			buildPhases = (
				6966E19B2F179F3800715B0A /* Sources */,
				6966E19C2F179F3800715B0A /* Frameworks */,
				6966E19D2F179F3800715B0A /* Resources */,
			);
			buildRules = (
			);
			dependencies = (
				6966E1A12F179F3800715B0A /* PBXTargetDependency */,
			);
			name = MedibankNewsUITests;
			productName = MedibankNewsUITests;
			productReference = 6966E19F2F179F3800715B0A /* MedibankNewsUITests.xctest */;
			productType = "com.apple.product-type.bundle.ui-testing";
		};
/* End PBXNativeTarget section */

/* Begin PBXProject section */
		6966E17D2F179F3100715B0A /* Project object */ = {
			isa = PBXProject;
			attributes = {
				BuildIndependentTargetsInParallel = 1;
				LastSwiftUpdateCheck = 1520;
				LastUpgradeCheck = 1520;
				TargetAttributes = {
					6966E1842F179F3100715B0A = {
						CreatedOnToolsVersion = 15.2;
					};
					6966E1942F179F3800715B0A = {
						CreatedOnToolsVersion = 15.2;
						TestTargetID = 6966E1842F179F3100715B0A;
					};
					6966E19E2F179F3800715B0A = {
						CreatedOnToolsVersion = 15.2;
						TestTargetID = 6966E1842F179F3100715B0A;
					};
				};
			};
			buildConfigurationList = 6966E1802F179F3100715B0A /* Build configuration list for PBXProject "MedibankNews" */;
			compatibilityVersion = "Xcode 14.0";
			developmentRegion = en;
			hasScannedForEncodings = 0;
			knownRegions = (
				en,
				Base,
			);
			mainGroup = 6966E17C2F179F3100715B0A;
			productRefGroup = 6966E1862F179F3100715B0A /* Products */;
			projectDirPath = "";
			projectRoot = "";
			targets = (
				6966E1842F179F3100715B0A /* MedibankNews */,
				6966E1942F179F3800715B0A /* MedibankNewsTests */,
				6966E19E2F179F3800715B0A /* MedibankNewsUITests */,
			);
		};
/* End PBXProject section */

/* Begin PBXResourcesBuildPhase section */
		6966E1832F179F3100715B0A /* Resources */ = {
			isa = PBXResourcesBuildPhase;
			buildActionMask = 2147483647;
			files = (
				6966E1B32F179F9500715B0A /* README.md in Resources */,
			);
			runOnlyForDeploymentPostprocessing = 0;
		};
		6966E1932F179F3800715B0A /* Resources */ = {
			isa = PBXResourcesBuildPhase;
			buildActionMask = 2147483647;
			files = (
			);
			runOnlyForDeploymentPostprocessing = 0;
		};
		6966E19D2F179F3800715B0A /* Resources */ = {
			isa = PBXResourcesBuildPhase;
			buildActionMask = 2147483647;
			files = (
			);
			runOnlyForDeploymentPostprocessing = 0;
		};
/* End PBXResourcesBuildPhase section */

/* Begin PBXSourcesBuildPhase section */
		6966E1812F179F3100715B0A /* Sources */ = {
			isa = PBXSourcesBuildPhase;
			buildActionMask = 2147483647;
			files = (
				6966E1CF2F17A75B00715B0A /* NewsAPIClient.swift in Sources */,
				6966E1CD2F17A72E00715B0A /* NewsAPIClientProtocol.swift in Sources */,
				6966E1C12F17A47E00715B0A /* SourcesViewModel.swift in Sources */,
				6966E1DF2F17AC3500715B0A /* LoadState.swift in Sources */,
				696EF3452F184CA8007F5872 /* SourcesResponse.swift in Sources */,
				6966E1DB2F17A98700715B0A /* Article.swift in Sources */,
				696EF3502F186195007F5872 /* ArticlesResponse.swift in Sources */,
				696EF35B2F18725D007F5872 /* APINewsEndpoint.swift in Sources */,
				6966E1D62F17A7D800715B0A /* SavedArticlesStore.swift in Sources */,
				696EF3622F188BD1007F5872 /* Constants.swift in Sources */,
				6966E1892F179F3100715B0A /* MedibankNewsApp.swift in Sources */,
				696EF34E2F1855A8007F5872 /* FileSavedArticlesStore.swift in Sources */,
				6966E1B72F17A3A200715B0A /* RootTabView.swift in Sources */,
				696EF34C2F185414007F5872 /* ArticleRowView.swift in Sources */,
				696EF3552F186671007F5872 /* APINewsCoding.swift in Sources */,
				6966E1BD2F17A43400715B0A /* SavedView.swift in Sources */,
				6966E1C82F17A69D00715B0A /* APIKeyProvider.swift in Sources */,
				6966E1BF2F17A45700715B0A /* HeadlinesViewModel.swift in Sources */,
				696EF3592F186F0B007F5872 /* SourcesRowView.swift in Sources */,
				696EF3532F1864B7007F5872 /* APIResponseHelper.swift in Sources */,
				6966E1D22F17A79400715B0A /* SourceSelectionStore.swift in Sources */,
				696EF3482F1852C3007F5872 /* HeadlinesResponse.swift in Sources */,
				6966E1C32F17A4A800715B0A /* SavedViewModel.swift in Sources */,
				6966E1BB2F17A41400715B0A /* SourcesView.swift in Sources */,
				6966E1B52F17A37800715B0A /* AppContainer.swift in Sources */,
				6966E1B92F17A3EC00715B0A /* HeadlinesView.swift in Sources */,
				696EF34A2F18539A007F5872 /* SafariView.swift in Sources */,
				6966E1D42F17A7B400715B0A /* UserDefaultsSourceSelectionStore.swift in Sources */,
				6966E1DD2F17A9FB00715B0A /* Source.swift in Sources */,
				6966E1C52F17A51900715B0A /* EmptyStateView.swift in Sources */,
				6966E1CA2F17A6D900715B0A /* InfoPlistAPIKeyProvider.swift in Sources */,
			);
			runOnlyForDeploymentPostprocessing = 0;
		};
		6966E1912F179F3800715B0A /* Sources */ = {
			isa = PBXSourcesBuildPhase;
			buildActionMask = 2147483647;
			files = (
				696EF36A2F1898BC007F5872 /* NewsAPIClientTests.swift in Sources */,
				696EF3642F1891E4007F5872 /* SavedViewModelTests.swift in Sources */,
				696EF3662F189474007F5872 /* SourcesViewModelTests.swift in Sources */,
				696EF3682F189876007F5872 /* MockURLProtocol.swift in Sources */,
				696EF3602F188A68007F5872 /* TestFactory.swift in Sources */,
				696EF35E2F1887BA007F5872 /* HeadlinesViewModelTests.swift in Sources */,
			);
			runOnlyForDeploymentPostprocessing = 0;
		};
		6966E19B2F179F3800715B0A /* Sources */ = {
			isa = PBXSourcesBuildPhase;
			buildActionMask = 2147483647;
			files = (
				6966E1A62F179F3800715B0A /* MedibankNewsUITestsLaunchTests.swift in Sources */,
				6966E1A42F179F3800715B0A /* MedibankNewsUITests.swift in Sources */,
			);
			runOnlyForDeploymentPostprocessing = 0;
		};
/* End PBXSourcesBuildPhase section */

/* Begin PBXTargetDependency section */
		6966E1972F179F3800715B0A /* PBXTargetDependency */ = {
			isa = PBXTargetDependency;
			target = 6966E1842F179F3100715B0A /* MedibankNews */;
			targetProxy = 6966E1962F179F3800715B0A /* PBXContainerItemProxy */;
		};
		6966E1A12F179F3800715B0A /* PBXTargetDependency */ = {
			isa = PBXTargetDependency;
			target = 6966E1842F179F3100715B0A /* MedibankNews */;
			targetProxy = 6966E1A02F179F3800715B0A /* PBXContainerItemProxy */;
		};
/* End PBXTargetDependency section */

/* Begin XCBuildConfiguration section */
		6966E1A72F179F3800715B0A /* Debug */ = {
			isa = XCBuildConfiguration;
			buildSettings = {
				ALWAYS_SEARCH_USER_PATHS = NO;
				ASSETCATALOG_COMPILER_GENERATE_SWIFT_ASSET_SYMBOL_EXTENSIONS = YES;
				CLANG_ANALYZER_NONNULL = YES;
				CLANG_ANALYZER_NUMBER_OBJECT_CONVERSION = YES_AGGRESSIVE;
				CLANG_CXX_LANGUAGE_STANDARD = "gnu++20";
				CLANG_ENABLE_MODULES = YES;
				CLANG_ENABLE_OBJC_ARC = YES;
				CLANG_ENABLE_OBJC_WEAK = YES;
				CLANG_WARN_BLOCK_CAPTURE_AUTORELEASING = YES;
				CLANG_WARN_BOOL_CONVERSION = YES;
				CLANG_WARN_COMMA = YES;
				CLANG_WARN_CONSTANT_CONVERSION = YES;
				CLANG_WARN_DEPRECATED_OBJC_IMPLEMENTATIONS = YES;
				CLANG_WARN_DIRECT_OBJC_ISA_USAGE = YES_ERROR;
				CLANG_WARN_DOCUMENTATION_COMMENTS = YES;
				CLANG_WARN_EMPTY_BODY = YES;
				CLANG_WARN_ENUM_CONVERSION = YES;
				CLANG_WARN_INFINITE_RECURSION = YES;
				CLANG_WARN_INT_CONVERSION = YES;
				CLANG_WARN_NON_LITERAL_NULL_CONVERSION = YES;
				CLANG_WARN_OBJC_IMPLICIT_RETAIN_SELF = YES;
				CLANG_WARN_OBJC_LITERAL_CONVERSION = YES;
				CLANG_WARN_OBJC_ROOT_CLASS = YES_ERROR;
				CLANG_WARN_QUOTED_INCLUDE_IN_FRAMEWORK_HEADER = YES;
				CLANG_WARN_RANGE_LOOP_ANALYSIS = YES;
				CLANG_WARN_STRICT_PROTOTYPES = YES;
				CLANG_WARN_SUSPICIOUS_MOVE = YES;
				CLANG_WARN_UNGUARDED_AVAILABILITY = YES_AGGRESSIVE;
				CLANG_WARN_UNREACHABLE_CODE = YES;
				CLANG_WARN__DUPLICATE_METHOD_MATCH = YES;
				COPY_PHASE_STRIP = NO;
				DEBUG_INFORMATION_FORMAT = dwarf;
				ENABLE_STRICT_OBJC_MSGSEND = YES;
				ENABLE_TESTABILITY = YES;
				ENABLE_USER_SCRIPT_SANDBOXING = YES;
				GCC_C_LANGUAGE_STANDARD = gnu17;
				GCC_DYNAMIC_NO_PIC = NO;
				GCC_NO_COMMON_BLOCKS = YES;
				GCC_OPTIMIZATION_LEVEL = 0;
				GCC_PREPROCESSOR_DEFINITIONS = (
					"DEBUG=1",
					"$(inherited)",
				);
				GCC_WARN_64_TO_32_BIT_CONVERSION = YES;
				GCC_WARN_ABOUT_RETURN_TYPE = YES_ERROR;
				GCC_WARN_UNDECLARED_SELECTOR = YES;
				GCC_WARN_UNINITIALIZED_AUTOS = YES_AGGRESSIVE;
				GCC_WARN_UNUSED_FUNCTION = YES;
				GCC_WARN_UNUSED_VARIABLE = YES;
				IPHONEOS_DEPLOYMENT_TARGET = 17.2;
				LOCALIZATION_PREFERS_STRING_CATALOGS = YES;
				MTL_ENABLE_DEBUG_INFO = INCLUDE_SOURCE;
				MTL_FAST_MATH = YES;
				ONLY_ACTIVE_ARCH = YES;
				SDKROOT = iphoneos;
				SWIFT_ACTIVE_COMPILATION_CONDITIONS = "DEBUG $(inherited)";
				SWIFT_OPTIMIZATION_LEVEL = "-Onone";
			};
			name = Debug;
		};
		6966E1A82F179F3800715B0A /* Release */ = {
			isa = XCBuildConfiguration;
			buildSettings = {
				ALWAYS_SEARCH_USER_PATHS = NO;
				ASSETCATALOG_COMPILER_GENERATE_SWIFT_ASSET_SYMBOL_EXTENSIONS = YES;
				CLANG_ANALYZER_NONNULL = YES;
				CLANG_ANALYZER_NUMBER_OBJECT_CONVERSION = YES_AGGRESSIVE;
				CLANG_CXX_LANGUAGE_STANDARD = "gnu++20";
				CLANG_ENABLE_MODULES = YES;
				CLANG_ENABLE_OBJC_ARC = YES;
				CLANG_ENABLE_OBJC_WEAK = YES;
				CLANG_WARN_BLOCK_CAPTURE_AUTORELEASING = YES;
				CLANG_WARN_BOOL_CONVERSION = YES;
				CLANG_WARN_COMMA = YES;
				CLANG_WARN_CONSTANT_CONVERSION = YES;
				CLANG_WARN_DEPRECATED_OBJC_IMPLEMENTATIONS = YES;
				CLANG_WARN_DIRECT_OBJC_ISA_USAGE = YES_ERROR;
				CLANG_WARN_DOCUMENTATION_COMMENTS = YES;
				CLANG_WARN_EMPTY_BODY = YES;
				CLANG_WARN_ENUM_CONVERSION = YES;
				CLANG_WARN_INFINITE_RECURSION = YES;
				CLANG_WARN_INT_CONVERSION = YES;
				CLANG_WARN_NON_LITERAL_NULL_CONVERSION = YES;
				CLANG_WARN_OBJC_IMPLICIT_RETAIN_SELF = YES;
				CLANG_WARN_OBJC_LITERAL_CONVERSION = YES;
				CLANG_WARN_OBJC_ROOT_CLASS = YES_ERROR;
				CLANG_WARN_QUOTED_INCLUDE_IN_FRAMEWORK_HEADER = YES;
				CLANG_WARN_RANGE_LOOP_ANALYSIS = YES;
				CLANG_WARN_STRICT_PROTOTYPES = YES;
				CLANG_WARN_SUSPICIOUS_MOVE = YES;
				CLANG_WARN_UNGUARDED_AVAILABILITY = YES_AGGRESSIVE;
				CLANG_WARN_UNREACHABLE_CODE = YES;
				CLANG_WARN__DUPLICATE_METHOD_MATCH = YES;
				COPY_PHASE_STRIP = NO;
				DEBUG_INFORMATION_FORMAT = "dwarf-with-dsym";
				ENABLE_NS_ASSERTIONS = NO;
				ENABLE_STRICT_OBJC_MSGSEND = YES;
				ENABLE_USER_SCRIPT_SANDBOXING = YES;
				GCC_C_LANGUAGE_STANDARD = gnu17;
				GCC_NO_COMMON_BLOCKS = YES;
				GCC_WARN_64_TO_32_BIT_CONVERSION = YES;
				GCC_WARN_ABOUT_RETURN_TYPE = YES_ERROR;
				GCC_WARN_UNDECLARED_SELECTOR = YES;
				GCC_WARN_UNINITIALIZED_AUTOS = YES_AGGRESSIVE;
				GCC_WARN_UNUSED_FUNCTION = YES;
				GCC_WARN_UNUSED_VARIABLE = YES;
				IPHONEOS_DEPLOYMENT_TARGET = 17.2;
				LOCALIZATION_PREFERS_STRING_CATALOGS = YES;
				MTL_ENABLE_DEBUG_INFO = NO;
				MTL_FAST_MATH = YES;
				SDKROOT = iphoneos;
				SWIFT_COMPILATION_MODE = wholemodule;
				VALIDATE_PRODUCT = YES;
			};
			name = Release;
		};
		6966E1AA2F179F3800715B0A /* Debug */ = {
			isa = XCBuildConfiguration;
			buildSettings = {
				ASSETCATALOG_COMPILER_APPICON_NAME = AppIcon;
				ASSETCATALOG_COMPILER_GLOBAL_ACCENT_COLOR_NAME = AccentColor;
				CODE_SIGN_STYLE = Automatic;
				CURRENT_PROJECT_VERSION = 1;
				DEVELOPMENT_ASSET_PATHS = "\"MedibankNews/Preview Content\"";
				DEVELOPMENT_TEAM = 852M77TUVB;
				ENABLE_PREVIEWS = YES;
				GENERATE_INFOPLIST_FILE = YES;
				INFOPLIST_FILE = MedibankNews/Info.plist;
				INFOPLIST_KEY_LSApplicationCategoryType = "public.app-category.news";
				INFOPLIST_KEY_UIApplicationSceneManifest_Generation = YES;
				INFOPLIST_KEY_UIApplicationSupportsIndirectInputEvents = YES;
				INFOPLIST_KEY_UILaunchScreen_Generation = YES;
				INFOPLIST_KEY_UISupportedInterfaceOrientations_iPad = "UIInterfaceOrientationPortrait UIInterfaceOrientationPortraitUpsideDown UIInterfaceOrientationLandscapeLeft UIInterfaceOrientationLandscapeRight";
				INFOPLIST_KEY_UISupportedInterfaceOrientations_iPhone = "UIInterfaceOrientationPortrait UIInterfaceOrientationLandscapeLeft UIInterfaceOrientationLandscapeRight";
				LD_RUNPATH_SEARCH_PATHS = (
					"$(inherited)",
					"@executable_path/Frameworks",
				);
				MARKETING_VERSION = 1.0;
				PRODUCT_BUNDLE_IDENTIFIER = au.com.medibank.MedibankNews;
				PRODUCT_NAME = "$(TARGET_NAME)";
				SWIFT_EMIT_LOC_STRINGS = YES;
				SWIFT_VERSION = 5.0;
				TARGETED_DEVICE_FAMILY = "1,2";
			};
			name = Debug;
		};
		6966E1AB2F179F3800715B0A /* Release */ = {
			isa = XCBuildConfiguration;
			buildSettings = {
				ASSETCATALOG_COMPILER_APPICON_NAME = AppIcon;
				ASSETCATALOG_COMPILER_GLOBAL_ACCENT_COLOR_NAME = AccentColor;
				CODE_SIGN_STYLE = Automatic;
				CURRENT_PROJECT_VERSION = 1;
				DEVELOPMENT_ASSET_PATHS = "\"MedibankNews/Preview Content\"";
				DEVELOPMENT_TEAM = 852M77TUVB;
				ENABLE_PREVIEWS = YES;
				GENERATE_INFOPLIST_FILE = YES;
				INFOPLIST_FILE = MedibankNews/Info.plist;
				INFOPLIST_KEY_LSApplicationCategoryType = "public.app-category.news";
				INFOPLIST_KEY_UIApplicationSceneManifest_Generation = YES;
				INFOPLIST_KEY_UIApplicationSupportsIndirectInputEvents = YES;
				INFOPLIST_KEY_UILaunchScreen_Generation = YES;
				INFOPLIST_KEY_UISupportedInterfaceOrientations_iPad = "UIInterfaceOrientationPortrait UIInterfaceOrientationPortraitUpsideDown UIInterfaceOrientationLandscapeLeft UIInterfaceOrientationLandscapeRight";
				INFOPLIST_KEY_UISupportedInterfaceOrientations_iPhone = "UIInterfaceOrientationPortrait UIInterfaceOrientationLandscapeLeft UIInterfaceOrientationLandscapeRight";
				LD_RUNPATH_SEARCH_PATHS = (
					"$(inherited)",
					"@executable_path/Frameworks",
				);
				MARKETING_VERSION = 1.0;
				PRODUCT_BUNDLE_IDENTIFIER = au.com.medibank.MedibankNews;
				PRODUCT_NAME = "$(TARGET_NAME)";
				SWIFT_EMIT_LOC_STRINGS = YES;
				SWIFT_VERSION = 5.0;
				TARGETED_DEVICE_FAMILY = "1,2";
			};
			name = Release;
		};
		6966E1AD2F179F3800715B0A /* Debug */ = {
			isa = XCBuildConfiguration;
			buildSettings = {
				ALWAYS_EMBED_SWIFT_STANDARD_LIBRARIES = YES;
				BUNDLE_LOADER = "$(TEST_HOST)";
				CODE_SIGN_STYLE = Automatic;
				CURRENT_PROJECT_VERSION = 1;
				DEVELOPMENT_TEAM = 852M77TUVB;
				GENERATE_INFOPLIST_FILE = YES;
				IPHONEOS_DEPLOYMENT_TARGET = 17.2;
				MARKETING_VERSION = 1.0;
				PRODUCT_BUNDLE_IDENTIFIER = au.com.medibank.MedibankNewsTests;
				PRODUCT_NAME = "$(TARGET_NAME)";
				SWIFT_EMIT_LOC_STRINGS = NO;
				SWIFT_VERSION = 5.0;
				TARGETED_DEVICE_FAMILY = "1,2";
				TEST_HOST = "$(BUILT_PRODUCTS_DIR)/MedibankNews.app/$(BUNDLE_EXECUTABLE_FOLDER_PATH)/MedibankNews";
			};
			name = Debug;
		};
		6966E1AE2F179F3800715B0A /* Release */ = {
			isa = XCBuildConfiguration;
			buildSettings = {
				ALWAYS_EMBED_SWIFT_STANDARD_LIBRARIES = YES;
				BUNDLE_LOADER = "$(TEST_HOST)";
				CODE_SIGN_STYLE = Automatic;
				CURRENT_PROJECT_VERSION = 1;
				DEVELOPMENT_TEAM = 852M77TUVB;
				GENERATE_INFOPLIST_FILE = YES;
				IPHONEOS_DEPLOYMENT_TARGET = 17.2;
				MARKETING_VERSION = 1.0;
				PRODUCT_BUNDLE_IDENTIFIER = au.com.medibank.MedibankNewsTests;
				PRODUCT_NAME = "$(TARGET_NAME)";
				SWIFT_EMIT_LOC_STRINGS = NO;
				SWIFT_VERSION = 5.0;
				TARGETED_DEVICE_FAMILY = "1,2";
				TEST_HOST = "$(BUILT_PRODUCTS_DIR)/MedibankNews.app/$(BUNDLE_EXECUTABLE_FOLDER_PATH)/MedibankNews";
			};
			name = Release;
		};
		6966E1B02F179F3800715B0A /* Debug */ = {
			isa = XCBuildConfiguration;
			buildSettings = {
				ALWAYS_EMBED_SWIFT_STANDARD_LIBRARIES = YES;
				CODE_SIGN_STYLE = Automatic;
				CURRENT_PROJECT_VERSION = 1;
				DEVELOPMENT_TEAM = 852M77TUVB;
				GENERATE_INFOPLIST_FILE = YES;
				MARKETING_VERSION = 1.0;
				PRODUCT_BUNDLE_IDENTIFIER = au.com.medibank.MedibankNewsUITests;
				PRODUCT_NAME = "$(TARGET_NAME)";
				SWIFT_EMIT_LOC_STRINGS = NO;
				SWIFT_VERSION = 5.0;
				TARGETED_DEVICE_FAMILY = "1,2";
				TEST_TARGET_NAME = MedibankNews;
			};
			name = Debug;
		};
		6966E1B12F179F3800715B0A /* Release */ = {
			isa = XCBuildConfiguration;
			buildSettings = {
				ALWAYS_EMBED_SWIFT_STANDARD_LIBRARIES = YES;
				CODE_SIGN_STYLE = Automatic;
				CURRENT_PROJECT_VERSION = 1;
				DEVELOPMENT_TEAM = 852M77TUVB;
				GENERATE_INFOPLIST_FILE = YES;
				MARKETING_VERSION = 1.0;
				PRODUCT_BUNDLE_IDENTIFIER = au.com.medibank.MedibankNewsUITests;
				PRODUCT_NAME = "$(TARGET_NAME)";
				SWIFT_EMIT_LOC_STRINGS = NO;
				SWIFT_VERSION = 5.0;
				TARGETED_DEVICE_FAMILY = "1,2";
				TEST_TARGET_NAME = MedibankNews;
			};
			name = Release;
		};
/* End XCBuildConfiguration section */

/* Begin XCConfigurationList section */
		6966E1802F179F3100715B0A /* Build configuration list for PBXProject "MedibankNews" */ = {
			isa = XCConfigurationList;
			buildConfigurations = (
				6966E1A72F179F3800715B0A /* Debug */,
				6966E1A82F179F3800715B0A /* Release */,
			);
			defaultConfigurationIsVisible = 0;
			defaultConfigurationName = Release;
		};
		6966E1A92F179F3800715B0A /* Build configuration list for PBXNativeTarget "MedibankNews" */ = {
			isa = XCConfigurationList;
			buildConfigurations = (
				6966E1AA2F179F3800715B0A /* Debug */,
				6966E1AB2F179F3800715B0A /* Release */,
			);
			defaultConfigurationIsVisible = 0;
			defaultConfigurationName = Release;
		};
		6966E1AC2F179F3800715B0A /* Build configuration list for PBXNativeTarget "MedibankNewsTests" */ = {
			isa = XCConfigurationList;
			buildConfigurations = (
				6966E1AD2F179F3800715B0A /* Debug */,
				6966E1AE2F179F3800715B0A /* Release */,
			);
			defaultConfigurationIsVisible = 0;
			defaultConfigurationName = Release;
		};
		6966E1AF2F179F3800715B0A /* Build configuration list for PBXNativeTarget "MedibankNewsUITests" */ = {
			isa = XCConfigurationList;
			buildConfigurations = (
				6966E1B02F179F3800715B0A /* Debug */,
				6966E1B12F179F3800715B0A /* Release */,
			);
			defaultConfigurationIsVisible = 0;
			defaultConfigurationName = Release;
		};
/* End XCConfigurationList section */
	};
	rootObject = 6966E17D2F179F3100715B0A /* Project object */;
}
